core:changelogs:
  - content: "---\npackages:\n  \"@samva/better-auth\":\n    type: patch\n---\n\n## Support Samva 0.3\n\nExpand the Samva peer dependency to support the current public email SDK.\n"
    filename: 2026-08-26-better-auth-samva-03.md
    v: 0.0.0
  - content: "---\npackages:\n  \"@samva/email-sdk\":\n    type: patch\n---\n\n## Support Samva 0.3\n\nExpand the Samva peer dependency to support the current public email SDK.\n"
    filename: 2026-08-26-email-sdk-samva-03.md
    v: 0.0.0
core:packages:
  - id: npm:clerk-webhook-samva
    updated: false
  - changelogIds:
      - 2026-08-26-better-auth-samva-03.md
    id: npm:@samva/better-auth
    updated: true
  - id: npm:react-email-samva
    updated: false
  - id: npm:sveltekit-transactional-samva
    updated: false
  - id: npm:supabase-auth-hook-samva
    updated: false
  - id: npm:effect-sdk-example
    updated: false
  - id: npm:hono-cloudflare-workers-samva
    updated: false
  - changelogIds:
      - 2026-08-26-email-sdk-samva-03.md
    id: npm:@samva/email-sdk
    updated: true
  - id: npm:better-auth-nextjs-samva
    updated: false
  - id: npm:tanstack-start-transactional-samva
    updated: false
  - id: npm:nextjs-transactional-samva
    updated: false
  - id: npm:astro-email-samva
    updated: false
npm:packages:
  - id: npm:clerk-webhook-samva
  - id: npm:@samva/better-auth
  - id: npm:react-email-samva
  - id: npm:sveltekit-transactional-samva
  - id: npm:supabase-auth-hook-samva
  - id: npm:effect-sdk-example
  - id: npm:hono-cloudflare-workers-samva
  - id: npm:@samva/email-sdk
  - id: npm:better-auth-nextjs-samva
  - id: npm:tanstack-start-transactional-samva
  - id: npm:nextjs-transactional-samva
  - id: npm:astro-email-samva
